
Microsoft Visual Studio Solution File, Format Version 12.00
# Visual Studio 14
VisualStudioVersion = 14.0.25123.0
MinimumVisualStudioVersion = 10.0.40219.1
Project("{2150E333-8FDC-42A3-9474-1A3956D46DE8}") = "src", "src", "{7F48FCBC-CDE5-4191-B04E-F9B7C917AF99}"
EndProject
Project("{2150E333-8FDC-42A3-9474-1A3956D46DE8}") = "Solution Items", "Solution Items", "{7471BC12-67A8-4BBD-BAB2-9CA9938AA7F9}"
	ProjectSection(SolutionItems) = preProject
		global.json = global.json
	EndProjectSection
EndProject
Project("{8BB2217D-0F2D-49D1-97BC-3654ED321F3B}") = "losol.netcore-ng2", "src\losol.netcore-ng2\losol.netcore-ng2.xproj", "{AA13525F-F7AE-432E-AD92-60DABABA7C77}"
EndProject
Global
	GlobalSection(SolutionConfigurationPlatforms) = preSolution
		Debug|Any CPU = Debug|Any CPU
		Release|Any CPU = Release|Any CPU
	EndGlobalSection
	GlobalSection(ProjectConfigurationPlatforms) = postSolution
		{AA13525F-F7AE-432E-AD92-60DABABA7C77}.Debug|Any CPU.ActiveCfg = Debug|Any CPU
		{AA13525F-F7AE-432E-AD92-60DABABA7C77}.Debug|Any CPU.Build.0 = Debug|Any CPU
		{AA13525F-F7AE-432E-AD92-60DABABA7C77}.Release|Any CPU.ActiveCfg = Release|Any CPU
		{AA13525F-F7AE-432E-AD92-60DABABA7C77}.Release|Any CPU.Build.0 = Release|Any CPU
	EndGlobalSection
	GlobalSection(SolutionProperties) = preSolution
		HideSolutionNode = FALSE
	EndGlobalSection
	GlobalSection(NestedProjects) = preSolution
		{AA13525F-F7AE-432E-AD92-60DABABA7C77} = {7F48FCBC-CDE5-4191-B04E-F9B7C917AF99}
	EndGlobalSection
EndGlobal
